
Microsoft Visual Studio Solution File, Format Version 12.00
# Visual Studio 15
VisualStudioVersion = 15.0.26430.16
MinimumVisualStudioVersion = 10.0.40219.1
Project("{FAE04EC0-301F-11D3-BF4B-00C04F79EFBC}") = "WpfApp1", "WpfApp1\WpfApp1.csproj", "{5FC0AE7B-08D9-41A8-88CF-E28784EB275E}"
EndProject
Project("{FAE04EC0-301F-11D3-BF4B-00C04F79EFBC}") = "WpfApp2", "WpfApp2\WpfApp2.csproj", "{9EC1969C-0601-4353-9AE4-ACB4B9A91440}"
EndProject
Project("{FAE04EC0-301F-11D3-BF4B-00C04F79EFBC}") = "ClassLibrary1", "ClassLibrary1\ClassLibrary1.csproj", "{9FB4F31E-9D9E-44AC-80F8-EF55AE4C471B}"
EndProject
Project("{FAE04EC0-301F-11D3-BF4B-00C04F79EFBC}") = "WpfApp3", "WpfApp3\WpfApp3.csproj", "{F1737747-402E-4C44-B559-33C1A9A5FEC3}"
EndProject
Project("{FAE04EC0-301F-11D3-BF4B-00C04F79EFBC}") = "App1", "App1\App1.csproj", "{E8861B32-83EC-4D35-9BFC-AB0C1ABA8F72}"
EndProject
Project("{FAE04EC0-301F-11D3-BF4B-00C04F79EFBC}") = "BodyBasics-WPF", "..\..\..\..\..\..\HCHL\BodyBasics-WPF\BodyBasics-WPF.csproj", "{269A7B21-FBFE-4E7A-8BBE-C8DE2EC0D833}"
EndProject
Project("{FAE04EC0-301F-11D3-BF4B-00C04F79EFBC}") = "DepthBasics-WPF", "..\..\..\..\..\..\HCHL\DepthBasics-WPF\DepthBasics-WPF.csproj", "{B814AEE7-0717-4BF4-BACB-150E8AA91633}"
EndProject
Global
	GlobalSection(SolutionConfigurationPlatforms) = preSolution
		Debug|Any CPU = Debug|Any CPU
		Debug|ARM = Debug|ARM
		Debug|x64 = Debug|x64
		Debug|x86 = Debug|x86
		Release|Any CPU = Release|Any CPU
		Release|ARM = Release|ARM
		Release|x64 = Release|x64
		Release|x86 = Release|x86
	EndGlobalSection
	GlobalSection(ProjectConfigurationPlatforms) = postSolution
		{5FC0AE7B-08D9-41A8-88CF-E28784EB275E}.Debug|Any CPU.ActiveCfg = Debug|Any CPU
		{5FC0AE7B-08D9-41A8-88CF-E28784EB275E}.Debug|Any CPU.Build.0 = Debug|Any CPU
		{5FC0AE7B-08D9-41A8-88CF-E28784EB275E}.Debug|ARM.ActiveCfg = Debug|Any CPU
		{5FC0AE7B-08D9-41A8-88CF-E28784EB275E}.Debug|ARM.Build.0 = Debug|Any CPU
		{5FC0AE7B-08D9-41A8-88CF-E28784EB275E}.Debug|x64.ActiveCfg = Debug|Any CPU
		{5FC0AE7B-08D9-41A8-88CF-E28784EB275E}.Debug|x64.Build.0 = Debug|Any CPU
		{5FC0AE7B-08D9-41A8-88CF-E28784EB275E}.Debug|x86.ActiveCfg = Debug|Any CPU
		{5FC0AE7B-08D9-41A8-88CF-E28784EB275E}.Debug|x86.Build.0 = Debug|Any CPU
		{5FC0AE7B-08D9-41A8-88CF-E28784EB275E}.Release|Any CPU.ActiveCfg = Release|Any CPU
		{5FC0AE7B-08D9-41A8-88CF-E28784EB275E}.Release|Any CPU.Build.0 = Release|Any CPU
		{5FC0AE7B-08D9-41A8-88CF-E28784EB275E}.Release|ARM.ActiveCfg = Release|Any CPU
		{5FC0AE7B-08D9-41A8-88CF-E28784EB275E}.Release|ARM.Build.0 = Release|Any CPU
		{5FC0AE7B-08D9-41A8-88CF-E28784EB275E}.Release|x64.ActiveCfg = Release|Any CPU
		{5FC0AE7B-08D9-41A8-88CF-E28784EB275E}.Release|x64.Build.0 = Release|Any CPU
		{5FC0AE7B-08D9-41A8-88CF-E28784EB275E}.Release|x86.ActiveCfg = Release|Any CPU
		{5FC0AE7B-08D9-41A8-88CF-E28784EB275E}.Release|x86.Build.0 = Release|Any CPU
		{9EC1969C-0601-4353-9AE4-ACB4B9A91440}.Debug|Any CPU.ActiveCfg = Debug|Any CPU
		{9EC1969C-0601-4353-9AE4-ACB4B9A91440}.Debug|Any CPU.Build.0 = Debug|Any CPU
		{9EC1969C-0601-4353-9AE4-ACB4B9A91440}.Debug|ARM.ActiveCfg = Debug|Any CPU
		{9EC1969C-0601-4353-9AE4-ACB4B9A91440}.Debug|ARM.Build.0 = Debug|Any CPU
		{9EC1969C-0601-4353-9AE4-ACB4B9A91440}.Debug|x64.ActiveCfg = Debug|Any CPU
		{9EC1969C-0601-4353-9AE4-ACB4B9A91440}.Debug|x64.Build.0 = Debug|Any CPU
		{9EC1969C-0601-4353-9AE4-ACB4B9A91440}.Debug|x86.ActiveCfg = Debug|Any CPU
		{9EC1969C-0601-4353-9AE4-ACB4B9A91440}.Debug|x86.Build.0 = Debug|Any CPU
		{9EC1969C-0601-4353-9AE4-ACB4B9A91440}.Release|Any CPU.ActiveCfg = Release|Any CPU
		{9EC1969C-0601-4353-9AE4-ACB4B9A91440}.Release|Any CPU.Build.0 = Release|Any CPU
		{9EC1969C-0601-4353-9AE4-ACB4B9A91440}.Release|ARM.ActiveCfg = Release|Any CPU
		{9EC1969C-0601-4353-9AE4-ACB4B9A91440}.Release|ARM.Build.0 = Release|Any CPU
		{9EC1969C-0601-4353-9AE4-ACB4B9A91440}.Release|x64.ActiveCfg = Release|Any CPU
		{9EC1969C-0601-4353-9AE4-ACB4B9A91440}.Release|x64.Build.0 = Release|Any CPU
		{9EC1969C-0601-4353-9AE4-ACB4B9A91440}.Release|x86.ActiveCfg = Release|Any CPU
		{9EC1969C-0601-4353-9AE4-ACB4B9A91440}.Release|x86.Build.0 = Release|Any CPU
		{9FB4F31E-9D9E-44AC-80F8-EF55AE4C471B}.Debug|Any CPU.ActiveCfg = Debug|Any CPU
		{9FB4F31E-9D9E-44AC-80F8-EF55AE4C471B}.Debug|Any CPU.Build.0 = Debug|Any CPU
		{9FB4F31E-9D9E-44AC-80F8-EF55AE4C471B}.Debug|ARM.ActiveCfg = Debug|Any CPU
		{9FB4F31E-9D9E-44AC-80F8-EF55AE4C471B}.Debug|ARM.Build.0 = Debug|Any CPU
		{9FB4F31E-9D9E-44AC-80F8-EF55AE4C471B}.Debug|x64.ActiveCfg = Debug|Any CPU
		{9FB4F31E-9D9E-44AC-80F8-EF55AE4C471B}.Debug|x64.Build.0 = Debug|Any CPU
		{9FB4F31E-9D9E-44AC-80F8-EF55AE4C471B}.Debug|x86.ActiveCfg = Debug|Any CPU
		{9FB4F31E-9D9E-44AC-80F8-EF55AE4C471B}.Debug|x86.Build.0 = Debug|Any CPU
		{9FB4F31E-9D9E-44AC-80F8-EF55AE4C471B}.Release|Any CPU.ActiveCfg = Release|Any CPU
		{9FB4F31E-9D9E-44AC-80F8-EF55AE4C471B}.Release|Any CPU.Build.0 = Release|Any CPU
		{9FB4F31E-9D9E-44AC-80F8-EF55AE4C471B}.Release|ARM.ActiveCfg = Release|Any CPU
		{9FB4F31E-9D9E-44AC-80F8-EF55AE4C471B}.Release|ARM.Build.0 = Release|Any CPU
		{9FB4F31E-9D9E-44AC-80F8-EF55AE4C471B}.Release|x64.ActiveCfg = Release|Any CPU
		{9FB4F31E-9D9E-44AC-80F8-EF55AE4C471B}.Release|x64.Build.0 = Release|Any CPU
		{9FB4F31E-9D9E-44AC-80F8-EF55AE4C471B}.Release|x86.ActiveCfg = Release|Any CPU
		{9FB4F31E-9D9E-44AC-80F8-EF55AE4C471B}.Release|x86.Build.0 = Release|Any CPU
		{F1737747-402E-4C44-B559-33C1A9A5FEC3}.Debug|Any CPU.ActiveCfg = Debug|Any CPU
		{F1737747-402E-4C44-B559-33C1A9A5FEC3}.Debug|Any CPU.Build.0 = Debug|Any CPU
		{F1737747-402E-4C44-B559-33C1A9A5FEC3}.Debug|ARM.ActiveCfg = Debug|Any CPU
		{F1737747-402E-4C44-B559-33C1A9A5FEC3}.Debug|ARM.Build.0 = Debug|Any CPU
		{F1737747-402E-4C44-B559-33C1A9A5FEC3}.Debug|x64.ActiveCfg = Debug|Any CPU
		{F1737747-402E-4C44-B559-33C1A9A5FEC3}.Debug|x64.Build.0 = Debug|Any CPU
		{F1737747-402E-4C44-B559-33C1A9A5FEC3}.Debug|x86.ActiveCfg = Debug|Any CPU
		{F1737747-402E-4C44-B559-33C1A9A5FEC3}.Debug|x86.Build.0 = Debug|Any CPU
		{F1737747-402E-4C44-B559-33C1A9A5FEC3}.Release|Any CPU.ActiveCfg = Release|Any CPU
		{F1737747-402E-4C44-B559-33C1A9A5FEC3}.Release|Any CPU.Build.0 = Release|Any CPU
		{F1737747-402E-4C44-B559-33C1A9A5FEC3}.Release|ARM.ActiveCfg = Release|Any CPU
		{F1737747-402E-4C44-B559-33C1A9A5FEC3}.Release|ARM.Build.0 = Release|Any CPU
		{F1737747-402E-4C44-B559-33C1A9A5FEC3}.Release|x64.ActiveCfg = Release|Any CPU
		{F1737747-402E-4C44-B559-33C1A9A5FEC3}.Release|x64.Build.0 = Release|Any CPU
		{F1737747-402E-4C44-B559-33C1A9A5FEC3}.Release|x86.ActiveCfg = Release|Any CPU
		{F1737747-402E-4C44-B559-33C1A9A5FEC3}.Release|x86.Build.0 = Release|Any CPU
		{E8861B32-83EC-4D35-9BFC-AB0C1ABA8F72}.Debug|Any CPU.ActiveCfg = Debug|x86
		{E8861B32-83EC-4D35-9BFC-AB0C1ABA8F72}.Debug|ARM.ActiveCfg = Debug|ARM
		{E8861B32-83EC-4D35-9BFC-AB0C1ABA8F72}.Debug|ARM.Build.0 = Debug|ARM
		{E8861B32-83EC-4D35-9BFC-AB0C1ABA8F72}.Debug|ARM.Deploy.0 = Debug|ARM
		{E8861B32-83EC-4D35-9BFC-AB0C1ABA8F72}.Debug|x64.ActiveCfg = Debug|x64
		{E8861B32-83EC-4D35-9BFC-AB0C1ABA8F72}.Debug|x64.Build.0 = Debug|x64
		{E8861B32-83EC-4D35-9BFC-AB0C1ABA8F72}.Debug|x64.Deploy.0 = Debug|x64
		{E8861B32-83EC-4D35-9BFC-AB0C1ABA8F72}.Debug|x86.ActiveCfg = Debug|x86
		{E8861B32-83EC-4D35-9BFC-AB0C1ABA8F72}.Debug|x86.Build.0 = Debug|x86
		{E8861B32-83EC-4D35-9BFC-AB0C1ABA8F72}.Debug|x86.Deploy.0 = Debug|x86
		{E8861B32-83EC-4D35-9BFC-AB0C1ABA8F72}.Release|Any CPU.ActiveCfg = Release|x86
		{E8861B32-83EC-4D35-9BFC-AB0C1ABA8F72}.Release|ARM.ActiveCfg = Release|ARM
		{E8861B32-83EC-4D35-9BFC-AB0C1ABA8F72}.Release|ARM.Build.0 = Release|ARM
		{E8861B32-83EC-4D35-9BFC-AB0C1ABA8F72}.Release|ARM.Deploy.0 = Release|ARM
		{E8861B32-83EC-4D35-9BFC-AB0C1ABA8F72}.Release|x64.ActiveCfg = Release|x64
		{E8861B32-83EC-4D35-9BFC-AB0C1ABA8F72}.Release|x64.Build.0 = Release|x64
		{E8861B32-83EC-4D35-9BFC-AB0C1ABA8F72}.Release|x64.Deploy.0 = Release|x64
		{E8861B32-83EC-4D35-9BFC-AB0C1ABA8F72}.Release|x86.ActiveCfg = Release|x86
		{E8861B32-83EC-4D35-9BFC-AB0C1ABA8F72}.Release|x86.Build.0 = Release|x86
		{E8861B32-83EC-4D35-9BFC-AB0C1ABA8F72}.Release|x86.Deploy.0 = Release|x86
		{269A7B21-FBFE-4E7A-8BBE-C8DE2EC0D833}.Debug|Any CPU.ActiveCfg = Debug|Any CPU
		{269A7B21-FBFE-4E7A-8BBE-C8DE2EC0D833}.Debug|Any CPU.Build.0 = Debug|Any CPU
		{269A7B21-FBFE-4E7A-8BBE-C8DE2EC0D833}.Debug|ARM.ActiveCfg = Debug|Any CPU
		{269A7B21-FBFE-4E7A-8BBE-C8DE2EC0D833}.Debug|ARM.Build.0 = Debug|Any CPU
		{269A7B21-FBFE-4E7A-8BBE-C8DE2EC0D833}.Debug|x64.ActiveCfg = Debug|Any CPU
		{269A7B21-FBFE-4E7A-8BBE-C8DE2EC0D833}.Debug|x64.Build.0 = Debug|Any CPU
		{269A7B21-FBFE-4E7A-8BBE-C8DE2EC0D833}.Debug|x86.ActiveCfg = Debug|Any CPU
		{269A7B21-FBFE-4E7A-8BBE-C8DE2EC0D833}.Debug|x86.Build.0 = Debug|Any CPU
		{269A7B21-FBFE-4E7A-8BBE-C8DE2EC0D833}.Release|Any CPU.ActiveCfg = Release|Any CPU
		{269A7B21-FBFE-4E7A-8BBE-C8DE2EC0D833}.Release|Any CPU.Build.0 = Release|Any CPU
		{269A7B21-FBFE-4E7A-8BBE-C8DE2EC0D833}.Release|ARM.ActiveCfg = Release|Any CPU
		{269A7B21-FBFE-4E7A-8BBE-C8DE2EC0D833}.Release|ARM.Build.0 = Release|Any CPU
		{269A7B21-FBFE-4E7A-8BBE-C8DE2EC0D833}.Release|x64.ActiveCfg = Release|Any CPU
		{269A7B21-FBFE-4E7A-8BBE-C8DE2EC0D833}.Release|x64.Build.0 = Release|Any CPU
		{269A7B21-FBFE-4E7A-8BBE-C8DE2EC0D833}.Release|x86.ActiveCfg = Release|Any CPU
		{269A7B21-FBFE-4E7A-8BBE-C8DE2EC0D833}.Release|x86.Build.0 = Release|Any CPU
		{B814AEE7-0717-4BF4-BACB-150E8AA91633}.Debug|Any CPU.ActiveCfg = Debug|Any CPU
		{B814AEE7-0717-4BF4-BACB-150E8AA91633}.Debug|Any CPU.Build.0 = Debug|Any CPU
		{B814AEE7-0717-4BF4-BACB-150E8AA91633}.Debug|ARM.ActiveCfg = Debug|Any CPU
		{B814AEE7-0717-4BF4-BACB-150E8AA91633}.Debug|ARM.Build.0 = Debug|Any CPU
		{B814AEE7-0717-4BF4-BACB-150E8AA91633}.Debug|x64.ActiveCfg = Debug|Any CPU
		{B814AEE7-0717-4BF4-BACB-150E8AA91633}.Debug|x64.Build.0 = Debug|Any CPU
		{B814AEE7-0717-4BF4-BACB-150E8AA91633}.Debug|x86.ActiveCfg = Debug|Any CPU
		{B814AEE7-0717-4BF4-BACB-150E8AA91633}.Debug|x86.Build.0 = Debug|Any CPU
		{B814AEE7-0717-4BF4-BACB-150E8AA91633}.Release|Any CPU.ActiveCfg = Release|Any CPU
		{B814AEE7-0717-4BF4-BACB-150E8AA91633}.Release|Any CPU.Build.0 = Release|Any CPU
		{B814AEE7-0717-4BF4-BACB-150E8AA91633}.Release|ARM.ActiveCfg = Release|Any CPU
		{B814AEE7-0717-4BF4-BACB-150E8AA91633}.Release|ARM.Build.0 = Release|Any CPU
		{B814AEE7-0717-4BF4-BACB-150E8AA91633}.Release|x64.ActiveCfg = Release|Any CPU
		{B814AEE7-0717-4BF4-BACB-150E8AA91633}.Release|x64.Build.0 = Release|Any CPU
		{B814AEE7-0717-4BF4-BACB-150E8AA91633}.Release|x86.ActiveCfg = Release|Any CPU
		{B814AEE7-0717-4BF4-BACB-150E8AA91633}.Release|x86.Build.0 = Release|Any CPU
	EndGlobalSection
	GlobalSection(SolutionProperties) = preSolution
		HideSolutionNode = FALSE
	EndGlobalSection
EndGlobal
